github.com/shawnwollenberg/goReverseString v0.0.0-20200809150116-10d4f7839e8f h1:JbyLJoyTP4U5ZvgJ3cLC2iT8D8Mv9qDhZg1ortADAXA=
github.com/shawnwollenberg/goReverseString v0.0.0-20200809150116-10d4f7839e8f/go.mod h1:8V0Iqi1X9cTTcfcY24ypRIWV6HMdi5IgFfEuZUnA1pI=
github.com/shawnwollenberg/goReverseString v0.0.0-20200809151417-f86b4efd1dc8 h1:WjBgA5BmTLIAbxm+oE8R5HGwBzVg0LqfISFqVFMEozk=
github.com/shawnwollenberg/goReverseString v0.0.0-20200809151417-f86b4efd1dc8/go.mod h1:8V0Iqi1X9cTTcfcY24ypRIWV6HMdi5IgFfEuZUnA1pI=
